
Microsoft Visual Studio Solution File, Format Version 12.00
# Visual Studio 15
VisualStudioVersion = 15.0.28307.136
MinimumVisualStudioVersion = 10.0.40219.1
Project("{FAE04EC0-301F-11D3-BF4B-00C04F79EFBC}") = "DadisWeb", "DadisWeb\DadisWeb.csproj", "{898C1281-AD3F-4C47-ABFF-B77D7037FEE4}"
EndProject
Global
	GlobalSection(SolutionConfigurationPlatforms) = preSolution
		Debug|Any CPU = Debug|Any CPU
		Release|Any CPU = Release|Any CPU
	EndGlobalSection
	GlobalSection(ProjectConfigurationPlatforms) = postSolution
		{898C1281-AD3F-4C47-ABFF-B77D7037FEE4}.Debug|Any CPU.ActiveCfg = Debug|Any CPU
		{898C1281-AD3F-4C47-ABFF-B77D7037FEE4}.Debug|Any CPU.Build.0 = Debug|Any CPU
		{898C1281-AD3F-4C47-ABFF-B77D7037FEE4}.Release|Any CPU.ActiveCfg = Release|Any CPU
		{898C1281-AD3F-4C47-ABFF-B77D7037FEE4}.Release|Any CPU.Build.0 = Release|Any CPU
	EndGlobalSection
	GlobalSection(SolutionProperties) = preSolution
		HideSolutionNode = FALSE
	EndGlobalSection
	GlobalSection(ExtensibilityGlobals) = postSolution
		SolutionGuid = {F4A65A4A-4572-49F9-8A44-EA382FDEA38E}
	EndGlobalSection
EndGlobal
